// !$*UTF8*$!
{
	archiveVersion = 1;
	classes = {
	};
	objectVersion = 55;
	objects = {

/* Begin PBXBuildFile section */
		340DCD962797583C00F81685 /* AppDelegate.swift in Sources */ = {isa = PBXBuildFile; fileRef = 340DCD952797583C00F81685 /* AppDelegate.swift */; };
		340DCD982797583C00F81685 /* SceneDelegate.swift in Sources */ = {isa = PBXBuildFile; fileRef = 340DCD972797583C00F81685 /* SceneDelegate.swift */; };
		340DCD9A2797583C00F81685 /* ViewController.swift in Sources */ = {isa = PBXBuildFile; fileRef = 340DCD992797583C00F81685 /* ViewController.swift */; };
		340DCD9D2797583C00F81685 /* Main.storyboard in Resources */ = {isa = PBXBuildFile; fileRef = 340DCD9B2797583C00F81685 /* Main.storyboard */; };
		340DCD9F2797583F00F81685 /* Assets.xcassets in Resources */ = {isa = PBXBuildFile; fileRef = 340DCD9E2797583F00F81685 /* Assets.xcassets */; };
		340DCDA22797583F00F81685 /* LaunchScreen.storyboard in Resources */ = {isa = PBXBuildFile; fileRef = 340DCDA02797583F00F81685 /* LaunchScreen.storyboard */; };
		340DCDAD2797584000F81685 /* iosAppStoryboardTests.swift in Sources */ = {isa = PBXBuildFile; fileRef = 340DCDAC2797584000F81685 /* iosAppStoryboardTests.swift */; };
		340DCDB72797584000F81685 /* iosAppStoryboardUITests.swift in Sources */ = {isa = PBXBuildFile; fileRef = 340DCDB62797584000F81685 /* iosAppStoryboardUITests.swift */; };
		340DCDB92797584000F81685 /* iosAppStoryboardUITestsLaunchTests.swift in Sources */ = {isa = PBXBuildFile; fileRef = 340DCDB82797584000F81685 /* iosAppStoryboardUITestsLaunchTests.swift */; };
		340DCDC72797658A00F81685 /* MovieCell.swift in Sources */ = {isa = PBXBuildFile; fileRef = 340DCDC62797658900F81685 /* MovieCell.swift */; };
		345B58EC279F5A99003C87D7 /* MainViewModel.swift in Sources */ = {isa = PBXBuildFile; fileRef = 345B58EB279F5A99003C87D7 /* MainViewModel.swift */; };
		345B58F2279F5EA4003C87D7 /* DetailViewController.swift in Sources */ = {isa = PBXBuildFile; fileRef = 345B58F1279F5EA4003C87D7 /* DetailViewController.swift */; };
		34974BAB27A08A7400D8ABCA /* ViewExtensions.swift in Sources */ = {isa = PBXBuildFile; fileRef = 34974BAA27A08A7400D8ABCA /* ViewExtensions.swift */; };
/* End PBXBuildFile section */

/* Begin PBXContainerItemProxy section */
		340DCDA92797584000F81685 /* PBXContainerItemProxy */ = {
			isa = PBXContainerItemProxy;
			containerPortal = 340DCD8A2797583C00F81685 /* Project object */;
			proxyType = 1;
			remoteGlobalIDString = 340DCD912797583C00F81685;
			remoteInfo = iosAppStoryboard;
		};
		340DCDB32797584000F81685 /* PBXContainerItemProxy */ = {
			isa = PBXContainerItemProxy;
			containerPortal = 340DCD8A2797583C00F81685 /* Project object */;
			proxyType = 1;
			remoteGlobalIDString = 340DCD912797583C00F81685;
			remoteInfo = iosAppStoryboard;
		};
/* End PBXContainerItemProxy section */

/* Begin PBXFileReference section */
		340DCD922797583C00F81685 /* iosAppStoryboard.app */ = {isa = PBXFileReference; explicitFileType = wrapper.application; includeInIndex = 0; path = iosAppStoryboard.app; sourceTree = BUILT_PRODUCTS_DIR; };
		340DCD952797583C00F81685 /* AppDelegate.swift */ = {isa = PBXFileReference; lastKnownFileType = sourcecode.swift; path = AppDelegate.swift; sourceTree = "<group>"; };
		340DCD972797583C00F81685 /* SceneDelegate.swift */ = {isa = PBXFileReference; lastKnownFileType = sourcecode.swift; path = SceneDelegate.swift; sourceTree = "<group>"; };
		340DCD992797583C00F81685 /* ViewController.swift */ = {isa = PBXFileReference; lastKnownFileType = sourcecode.swift; path = ViewController.swift; sourceTree = "<group>"; };
		340DCD9C2797583C00F81685 /* Base */ = {isa = PBXFileReference; lastKnownFileType = file.storyboard; name = Base; path = Base.lproj/Main.storyboard; sourceTree = "<group>"; };
		340DCD9E2797583F00F81685 /* Assets.xcassets */ = {isa = PBXFileReference; lastKnownFileType = folder.assetcatalog; path = Assets.xcassets; sourceTree = "<group>"; };
		340DCDA12797583F00F81685 /* Base */ = {isa = PBXFileReference; lastKnownFileType = file.storyboard; name = Base; path = Base.lproj/LaunchScreen.storyboard; sourceTree = "<group>"; };
		340DCDA32797583F00F81685 /* Info.plist */ = {isa = PBXFileReference; lastKnownFileType = text.plist.xml; path = Info.plist; sourceTree = "<group>"; };
		340DCDA82797584000F81685 /* iosAppStoryboardTests.xctest */ = {isa = PBXFileReference; explicitFileType = wrapper.cfbundle; includeInIndex = 0; path = iosAppStoryboardTests.xctest; sourceTree = BUILT_PRODUCTS_DIR; };
		340DCDAC2797584000F81685 /* iosAppStoryboardTests.swift */ = {isa = PBXFileReference; lastKnownFileType = sourcecode.swift; path = iosAppStoryboardTests.swift; sourceTree = "<group>"; };
		340DCDB22797584000F81685 /* iosAppStoryboardUITests.xctest */ = {isa = PBXFileReference; explicitFileType = wrapper.cfbundle; includeInIndex = 0; path = iosAppStoryboardUITests.xctest; sourceTree = BUILT_PRODUCTS_DIR; };
		340DCDB62797584000F81685 /* iosAppStoryboardUITests.swift */ = {isa = PBXFileReference; lastKnownFileType = sourcecode.swift; path = iosAppStoryboardUITests.swift; sourceTree = "<group>"; };
		340DCDB82797584000F81685 /* iosAppStoryboardUITestsLaunchTests.swift */ = {isa = PBXFileReference; lastKnownFileType = sourcecode.swift; path = iosAppStoryboardUITestsLaunchTests.swift; sourceTree = "<group>"; };
		340DCDC62797658900F81685 /* MovieCell.swift */ = {isa = PBXFileReference; fileEncoding = 4; lastKnownFileType = sourcecode.swift; path = MovieCell.swift; sourceTree = "<group>"; };
		345B58EB279F5A99003C87D7 /* MainViewModel.swift */ = {isa = PBXFileReference; lastKnownFileType = sourcecode.swift; path = MainViewModel.swift; sourceTree = "<group>"; };
		345B58F1279F5EA4003C87D7 /* DetailViewController.swift */ = {isa = PBXFileReference; lastKnownFileType = sourcecode.swift; path = DetailViewController.swift; sourceTree = "<group>"; };
		34974BAA27A08A7400D8ABCA /* ViewExtensions.swift */ = {isa = PBXFileReference; lastKnownFileType = sourcecode.swift; path = ViewExtensions.swift; sourceTree = "<group>"; };
/* End PBXFileReference section */

/* Begin PBXFrameworksBuildPhase section */
		340DCD8F2797583C00F81685 /* Frameworks */ = {
			isa = PBXFrameworksBuildPhase;
			buildActionMask = 2147483647;
			files = (
			);
			runOnlyForDeploymentPostprocessing = 0;
		};
		340DCDA52797584000F81685 /* Frameworks */ = {
			isa = PBXFrameworksBuildPhase;
			buildActionMask = 2147483647;
			files = (
			);
			runOnlyForDeploymentPostprocessing = 0;
		};
		340DCDAF2797584000F81685 /* Frameworks */ = {
			isa = PBXFrameworksBuildPhase;
			buildActionMask = 2147483647;
			files = (
			);
			runOnlyForDeploymentPostprocessing = 0;
		};
/* End PBXFrameworksBuildPhase section */

/* Begin PBXGroup section */
		340DCD892797583C00F81685 = {
			isa = PBXGroup;
			children = (
				340DCD942797583C00F81685 /* iosAppStoryboard */,
				340DCDAB2797584000F81685 /* iosAppStoryboardTests */,
				340DCDB52797584000F81685 /* iosAppStoryboardUITests */,
				340DCD932797583C00F81685 /* Products */,
			);
			sourceTree = "<group>";
		};
		340DCD932797583C00F81685 /* Products */ = {
			isa = PBXGroup;
			children = (
				340DCD922797583C00F81685 /* iosAppStoryboard.app */,
				340DCDA82797584000F81685 /* iosAppStoryboardTests.xctest */,
				340DCDB22797584000F81685 /* iosAppStoryboardUITests.xctest */,
			);
			name = Products;
			sourceTree = "<group>";
		};
		340DCD942797583C00F81685 /* iosAppStoryboard */ = {
			isa = PBXGroup;
			children = (
				345B58EA279F5A48003C87D7 /* View */,
				345B58E9279F5A3F003C87D7 /* Model */,
				345B58E8279F5A30003C87D7 /* Viewmodels */,
				340DCD952797583C00F81685 /* AppDelegate.swift */,
				340DCD972797583C00F81685 /* SceneDelegate.swift */,
				340DCD9B2797583C00F81685 /* Main.storyboard */,
				340DCD9E2797583F00F81685 /* Assets.xcassets */,
				340DCDA02797583F00F81685 /* LaunchScreen.storyboard */,
				340DCDA32797583F00F81685 /* Info.plist */,
			);
			path = iosAppStoryboard;
			sourceTree = "<group>";
		};
		340DCDAB2797584000F81685 /* iosAppStoryboardTests */ = {
			isa = PBXGroup;
			children = (
				340DCDAC2797584000F81685 /* iosAppStoryboardTests.swift */,
			);
			path = iosAppStoryboardTests;
			sourceTree = "<group>";
		};
		340DCDB52797584000F81685 /* iosAppStoryboardUITests */ = {
			isa = PBXGroup;
			children = (
				340DCDB62797584000F81685 /* iosAppStoryboardUITests.swift */,
				340DCDB82797584000F81685 /* iosAppStoryboardUITestsLaunchTests.swift */,
			);
			path = iosAppStoryboardUITests;
			sourceTree = "<group>";
		};
		345B58E8279F5A30003C87D7 /* Viewmodels */ = {
			isa = PBXGroup;
			children = (
				345B58EB279F5A99003C87D7 /* MainViewModel.swift */,
			);
			path = Viewmodels;
			sourceTree = "<group>";
		};
		345B58E9279F5A3F003C87D7 /* Model */ = {
			isa = PBXGroup;
			children = (
			);
			path = Model;
			sourceTree = "<group>";
		};
		345B58EA279F5A48003C87D7 /* View */ = {
			isa = PBXGroup;
			children = (
				345B58F1279F5EA4003C87D7 /* DetailViewController.swift */,
				340DCDC62797658900F81685 /* MovieCell.swift */,
				340DCD992797583C00F81685 /* ViewController.swift */,
				34974BAA27A08A7400D8ABCA /* ViewExtensions.swift */,
			);
			path = View;
			sourceTree = "<group>";
		};
/* End PBXGroup section */

/* Begin PBXNativeTarget section */
		340DCD912797583C00F81685 /* iosAppStoryboard */ = {
			isa = PBXNativeTarget;
			buildConfigurationList = 340DCDBC2797584000F81685 /* Build configuration list for PBXNativeTarget "iosAppStoryboard" */;
			buildPhases = (
				340DCDC52797587800F81685 /* ShellScript */,
				340DCD8E2797583C00F81685 /* Sources */,
				340DCD8F2797583C00F81685 /* Frameworks */,
				340DCD902797583C00F81685 /* Resources */,
			);
			buildRules = (
			);
			dependencies = (
			);
			name = iosAppStoryboard;
			productName = iosAppStoryboard;
			productReference = 340DCD922797583C00F81685 /* iosAppStoryboard.app */;
			productType = "com.apple.product-type.application";
		};
		340DCDA72797584000F81685 /* iosAppStoryboardTests */ = {
			isa = PBXNativeTarget;
			buildConfigurationList = 340DCDBF2797584000F81685 /* Build configuration list for PBXNativeTarget "iosAppStoryboardTests" */;
			buildPhases = (
				340DCDA42797584000F81685 /* Sources */,
				340DCDA52797584000F81685 /* Frameworks */,
				340DCDA62797584000F81685 /* Resources */,
			);
			buildRules = (
			);
			dependencies = (
				340DCDAA2797584000F81685 /* PBXTargetDependency */,
			);
			name = iosAppStoryboardTests;
			productName = iosAppStoryboardTests;
			productReference = 340DCDA82797584000F81685 /* iosAppStoryboardTests.xctest */;
			productType = "com.apple.product-type.bundle.unit-test";
		};
		340DCDB12797584000F81685 /* iosAppStoryboardUITests */ = {
			isa = PBXNativeTarget;
			buildConfigurationList = 340DCDC22797584000F81685 /* Build configuration list for PBXNativeTarget "iosAppStoryboardUITests" */;
			buildPhases = (
				340DCDAE2797584000F81685 /* Sources */,
				340DCDAF2797584000F81685 /* Frameworks */,
				340DCDB02797584000F81685 /* Resources */,
			);
			buildRules = (
			);
			dependencies = (
				340DCDB42797584000F81685 /* PBXTargetDependency */,
			);
			name = iosAppStoryboardUITests;
			productName = iosAppStoryboardUITests;
			productReference = 340DCDB22797584000F81685 /* iosAppStoryboardUITests.xctest */;
			productType = "com.apple.product-type.bundle.ui-testing";
		};
/* End PBXNativeTarget section */

/* Begin PBXProject section */
		340DCD8A2797583C00F81685 /* Project object */ = {
			isa = PBXProject;
			attributes = {
				BuildIndependentTargetsInParallel = 1;
				LastSwiftUpdateCheck = 1320;
				LastUpgradeCheck = 1320;
				TargetAttributes = {
					340DCD912797583C00F81685 = {
						CreatedOnToolsVersion = 13.2.1;
					};
					340DCDA72797584000F81685 = {
						CreatedOnToolsVersion = 13.2.1;
						TestTargetID = 340DCD912797583C00F81685;
					};
					340DCDB12797584000F81685 = {
						CreatedOnToolsVersion = 13.2.1;
						TestTargetID = 340DCD912797583C00F81685;
					};
				};
			};
			buildConfigurationList = 340DCD8D2797583C00F81685 /* Build configuration list for PBXProject "iosAppStoryboard" */;
			compatibilityVersion = "Xcode 13.0";
			developmentRegion = en;
			hasScannedForEncodings = 0;
			knownRegions = (
				en,
				Base,
			);
			mainGroup = 340DCD892797583C00F81685;
			productRefGroup = 340DCD932797583C00F81685 /* Products */;
			projectDirPath = "";
			projectRoot = "";
			targets = (
				340DCD912797583C00F81685 /* iosAppStoryboard */,
				340DCDA72797584000F81685 /* iosAppStoryboardTests */,
				340DCDB12797584000F81685 /* iosAppStoryboardUITests */,
			);
		};
/* End PBXProject section */

/* Begin PBXResourcesBuildPhase section */
		340DCD902797583C00F81685 /* Resources */ = {
			isa = PBXResourcesBuildPhase;
			buildActionMask = 2147483647;
			files = (
				340DCDA22797583F00F81685 /* LaunchScreen.storyboard in Resources */,
				340DCD9F2797583F00F81685 /* Assets.xcassets in Resources */,
				340DCD9D2797583C00F81685 /* Main.storyboard in Resources */,
			);
			runOnlyForDeploymentPostprocessing = 0;
		};
		340DCDA62797584000F81685 /* Resources */ = {
			isa = PBXResourcesBuildPhase;
			buildActionMask = 2147483647;
			files = (
			);
			runOnlyForDeploymentPostprocessing = 0;
		};
		340DCDB02797584000F81685 /* Resources */ = {
			isa = PBXResourcesBuildPhase;
			buildActionMask = 2147483647;
			files = (
			);
			runOnlyForDeploymentPostprocessing = 0;
		};
/* End PBXResourcesBuildPhase section */

/* Begin PBXShellScriptBuildPhase section */
		340DCDC52797587800F81685 /* ShellScript */ = {
			isa = PBXShellScriptBuildPhase;
			buildActionMask = 2147483647;
			files = (
			);
			inputFileListPaths = (
			);
			inputPaths = (
			);
			outputFileListPaths = (
			);
			outputPaths = (
			);
			runOnlyForDeploymentPostprocessing = 0;
			shellPath = /bin/sh;
			shellScript = "cd \"$SRCROOT/..\"\n./gradlew :shared:embedAndSignAppleFrameworkForXcode\n";
		};
/* End PBXShellScriptBuildPhase section */

/* Begin PBXSourcesBuildPhase section */
		340DCD8E2797583C00F81685 /* Sources */ = {
			isa = PBXSourcesBuildPhase;
			buildActionMask = 2147483647;
			files = (
				345B58EC279F5A99003C87D7 /* MainViewModel.swift in Sources */,
				34974BAB27A08A7400D8ABCA /* ViewExtensions.swift in Sources */,
				340DCD9A2797583C00F81685 /* ViewController.swift in Sources */,
				340DCD962797583C00F81685 /* AppDelegate.swift in Sources */,
				340DCDC72797658A00F81685 /* MovieCell.swift in Sources */,
				340DCD982797583C00F81685 /* SceneDelegate.swift in Sources */,
				345B58F2279F5EA4003C87D7 /* DetailViewController.swift in Sources */,
			);
			runOnlyForDeploymentPostprocessing = 0;
		};
		340DCDA42797584000F81685 /* Sources */ = {
			isa = PBXSourcesBuildPhase;
			buildActionMask = 2147483647;
			files = (
				340DCDAD2797584000F81685 /* iosAppStoryboardTests.swift in Sources */,
			);
			runOnlyForDeploymentPostprocessing = 0;
		};
		340DCDAE2797584000F81685 /* Sources */ = {
			isa = PBXSourcesBuildPhase;
			buildActionMask = 2147483647;
			files = (
				340DCDB72797584000F81685 /* iosAppStoryboardUITests.swift in Sources */,
				340DCDB92797584000F81685 /* iosAppStoryboardUITestsLaunchTests.swift in Sources */,
			);
			runOnlyForDeploymentPostprocessing = 0;
		};
/* End PBXSourcesBuildPhase section */

/* Begin PBXTargetDependency section */
		340DCDAA2797584000F81685 /* PBXTargetDependency */ = {
			isa = PBXTargetDependency;
			target = 340DCD912797583C00F81685 /* iosAppStoryboard */;
			targetProxy = 340DCDA92797584000F81685 /* PBXContainerItemProxy */;
		};
		340DCDB42797584000F81685 /* PBXTargetDependency */ = {
			isa = PBXTargetDependency;
			target = 340DCD912797583C00F81685 /* iosAppStoryboard */;
			targetProxy = 340DCDB32797584000F81685 /* PBXContainerItemProxy */;
		};
/* End PBXTargetDependency section */

/* Begin PBXVariantGroup section */
		340DCD9B2797583C00F81685 /* Main.storyboard */ = {
			isa = PBXVariantGroup;
			children = (
				340DCD9C2797583C00F81685 /* Base */,
			);
			name = Main.storyboard;
			sourceTree = "<group>";
		};
		340DCDA02797583F00F81685 /* LaunchScreen.storyboard */ = {
			isa = PBXVariantGroup;
			children = (
				340DCDA12797583F00F81685 /* Base */,
			);
			name = LaunchScreen.storyboard;
			sourceTree = "<group>";
		};
/* End PBXVariantGroup section */

/* Begin XCBuildConfiguration section */
		340DCDBA2797584000F81685 /* Debug */ = {
			isa = XCBuildConfiguration;
			buildSettings = {
				ALWAYS_SEARCH_USER_PATHS = NO;
				CLANG_ANALYZER_NONNULL = YES;
				CLANG_ANALYZER_NUMBER_OBJECT_CONVERSION = YES_AGGRESSIVE;
				CLANG_CXX_LANGUAGE_STANDARD = "gnu++17";
				CLANG_CXX_LIBRARY = "libc++";
				CLANG_ENABLE_MODULES = YES;
				CLANG_ENABLE_OBJC_ARC = YES;
				CLANG_ENABLE_OBJC_WEAK = YES;
				CLANG_WARN_BLOCK_CAPTURE_AUTORELEASING = YES;
				CLANG_WARN_BOOL_CONVERSION = YES;
				CLANG_WARN_COMMA = YES;
				CLANG_WARN_CONSTANT_CONVERSION = YES;
				CLANG_WARN_DEPRECATED_OBJC_IMPLEMENTATIONS = YES;
				CLANG_WARN_DIRECT_OBJC_ISA_USAGE = YES_ERROR;
				CLANG_WARN_DOCUMENTATION_COMMENTS = YES;
				CLANG_WARN_EMPTY_BODY = YES;
				CLANG_WARN_ENUM_CONVERSION = YES;
				CLANG_WARN_INFINITE_RECURSION = YES;
				CLANG_WARN_INT_CONVERSION = YES;
				CLANG_WARN_NON_LITERAL_NULL_CONVERSION = YES;
				CLANG_WARN_OBJC_IMPLICIT_RETAIN_SELF = YES;
				CLANG_WARN_OBJC_LITERAL_CONVERSION = YES;
				CLANG_WARN_OBJC_ROOT_CLASS = YES_ERROR;
				CLANG_WARN_QUOTED_INCLUDE_IN_FRAMEWORK_HEADER = YES;
				CLANG_WARN_RANGE_LOOP_ANALYSIS = YES;
				CLANG_WARN_STRICT_PROTOTYPES = YES;
				CLANG_WARN_SUSPICIOUS_MOVE = YES;
				CLANG_WARN_UNGUARDED_AVAILABILITY = YES_AGGRESSIVE;
				CLANG_WARN_UNREACHABLE_CODE = YES;
				CLANG_WARN__DUPLICATE_METHOD_MATCH = YES;
				COPY_PHASE_STRIP = NO;
				DEBUG_INFORMATION_FORMAT = dwarf;
				ENABLE_STRICT_OBJC_MSGSEND = YES;
				ENABLE_TESTABILITY = YES;
				GCC_C_LANGUAGE_STANDARD = gnu11;
				GCC_DYNAMIC_NO_PIC = NO;
				GCC_NO_COMMON_BLOCKS = YES;
				GCC_OPTIMIZATION_LEVEL = 0;
				GCC_PREPROCESSOR_DEFINITIONS = (
					"DEBUG=1",
					"$(inherited)",
				);
				GCC_WARN_64_TO_32_BIT_CONVERSION = YES;
				GCC_WARN_ABOUT_RETURN_TYPE = YES_ERROR;
				GCC_WARN_UNDECLARED_SELECTOR = YES;
				GCC_WARN_UNINITIALIZED_AUTOS = YES_AGGRESSIVE;
				GCC_WARN_UNUSED_FUNCTION = YES;
				GCC_WARN_UNUSED_VARIABLE = YES;
				IPHONEOS_DEPLOYMENT_TARGET = 15.2;
				MTL_ENABLE_DEBUG_INFO = INCLUDE_SOURCE;
				MTL_FAST_MATH = YES;
				ONLY_ACTIVE_ARCH = YES;
				SDKROOT = iphoneos;
				SWIFT_ACTIVE_COMPILATION_CONDITIONS = DEBUG;
				SWIFT_OPTIMIZATION_LEVEL = "-Onone";
			};
			name = Debug;
		};
		340DCDBB2797584000F81685 /* Release */ = {
			isa = XCBuildConfiguration;
			buildSettings = {
				ALWAYS_SEARCH_USER_PATHS = NO;
				CLANG_ANALYZER_NONNULL = YES;
				CLANG_ANALYZER_NUMBER_OBJECT_CONVERSION = YES_AGGRESSIVE;
				CLANG_CXX_LANGUAGE_STANDARD = "gnu++17";
				CLANG_CXX_LIBRARY = "libc++";
				CLANG_ENABLE_MODULES = YES;
				CLANG_ENABLE_OBJC_ARC = YES;
				CLANG_ENABLE_OBJC_WEAK = YES;
				CLANG_WARN_BLOCK_CAPTURE_AUTORELEASING = YES;
				CLANG_WARN_BOOL_CONVERSION = YES;
				CLANG_WARN_COMMA = YES;
				CLANG_WARN_CONSTANT_CONVERSION = YES;
				CLANG_WARN_DEPRECATED_OBJC_IMPLEMENTATIONS = YES;
				CLANG_WARN_DIRECT_OBJC_ISA_USAGE = YES_ERROR;
				CLANG_WARN_DOCUMENTATION_COMMENTS = YES;
				CLANG_WARN_EMPTY_BODY = YES;
				CLANG_WARN_ENUM_CONVERSION = YES;
				CLANG_WARN_INFINITE_RECURSION = YES;
				CLANG_WARN_INT_CONVERSION = YES;
				CLANG_WARN_NON_LITERAL_NULL_CONVERSION = YES;
				CLANG_WARN_OBJC_IMPLICIT_RETAIN_SELF = YES;
				CLANG_WARN_OBJC_LITERAL_CONVERSION = YES;
				CLANG_WARN_OBJC_ROOT_CLASS = YES_ERROR;
				CLANG_WARN_QUOTED_INCLUDE_IN_FRAMEWORK_HEADER = YES;
				CLANG_WARN_RANGE_LOOP_ANALYSIS = YES;
				CLANG_WARN_STRICT_PROTOTYPES = YES;
				CLANG_WARN_SUSPICIOUS_MOVE = YES;
				CLANG_WARN_UNGUARDED_AVAILABILITY = YES_AGGRESSIVE;
				CLANG_WARN_UNREACHABLE_CODE = YES;
				CLANG_WARN__DUPLICATE_METHOD_MATCH = YES;
				COPY_PHASE_STRIP = NO;
				DEBUG_INFORMATION_FORMAT = "dwarf-with-dsym";
				ENABLE_NS_ASSERTIONS = NO;
				ENABLE_STRICT_OBJC_MSGSEND = YES;
				GCC_C_LANGUAGE_STANDARD = gnu11;
				GCC_NO_COMMON_BLOCKS = YES;
				GCC_WARN_64_TO_32_BIT_CONVERSION = YES;
				GCC_WARN_ABOUT_RETURN_TYPE = YES_ERROR;
				GCC_WARN_UNDECLARED_SELECTOR = YES;
				GCC_WARN_UNINITIALIZED_AUTOS = YES_AGGRESSIVE;
				GCC_WARN_UNUSED_FUNCTION = YES;
				GCC_WARN_UNUSED_VARIABLE = YES;
				IPHONEOS_DEPLOYMENT_TARGET = 15.2;
				MTL_ENABLE_DEBUG_INFO = NO;
				MTL_FAST_MATH = YES;
				SDKROOT = iphoneos;
				SWIFT_COMPILATION_MODE = wholemodule;
				SWIFT_OPTIMIZATION_LEVEL = "-O";
				VALIDATE_PRODUCT = YES;
			};
			name = Release;
		};
		340DCDBD2797584000F81685 /* Debug */ = {
			isa = XCBuildConfiguration;
			buildSettings = {
				ASSETCATALOG_COMPILER_APPICON_NAME = AppIcon;
				ASSETCATALOG_COMPILER_GLOBAL_ACCENT_COLOR_NAME = AccentColor;
				CODE_SIGN_STYLE = Automatic;
				CURRENT_PROJECT_VERSION = 1;
				FRAMEWORK_SEARCH_PATHS = "$(SRCROOT)/../shared/build/xcode-frameworks/$(CONFIGURATION)/$(SDK_NAME)";
				GENERATE_INFOPLIST_FILE = YES;
				INFOPLIST_FILE = iosAppStoryboard/Info.plist;
				INFOPLIST_KEY_UIApplicationSupportsIndirectInputEvents = YES;
				INFOPLIST_KEY_UILaunchStoryboardName = LaunchScreen;
				INFOPLIST_KEY_UIMainStoryboardFile = Main;
				INFOPLIST_KEY_UISupportedInterfaceOrientations_iPad = "UIInterfaceOrientationPortrait UIInterfaceOrientationPortraitUpsideDown UIInterfaceOrientationLandscapeLeft UIInterfaceOrientationLandscapeRight";
				INFOPLIST_KEY_UISupportedInterfaceOrientations_iPhone = "UIInterfaceOrientationPortrait UIInterfaceOrientationLandscapeLeft UIInterfaceOrientationLandscapeRight";
				LD_RUNPATH_SEARCH_PATHS = (
					"$(inherited)",
					"@executable_path/Frameworks",
				);
				MARKETING_VERSION = 1.0;
				OTHER_LDFLAGS = (
					"$(inherited)",
					"-framework",
					shared,
				);
				PRODUCT_BUNDLE_IDENTIFIER = com.example.kmp.myapplication.ios.iosAppStoryboard;
				PRODUCT_NAME = "$(TARGET_NAME)";
				SWIFT_EMIT_LOC_STRINGS = YES;
				SWIFT_VERSION = 5.0;
				TARGETED_DEVICE_FAMILY = "1,2";
			};
			name = Debug;
		};
		340DCDBE2797584000F81685 /* Release */ = {
			isa = XCBuildConfiguration;
			buildSettings = {
				ASSETCATALOG_COMPILER_APPICON_NAME = AppIcon;
				ASSETCATALOG_COMPILER_GLOBAL_ACCENT_COLOR_NAME = AccentColor;
				CODE_SIGN_STYLE = Automatic;
				CURRENT_PROJECT_VERSION = 1;
				FRAMEWORK_SEARCH_PATHS = "$(SRCROOT)/../shared/build/xcode-frameworks/$(CONFIGURATION)/$(SDK_NAME)";
				GENERATE_INFOPLIST_FILE = YES;
				INFOPLIST_FILE = iosAppStoryboard/Info.plist;
				INFOPLIST_KEY_UIApplicationSupportsIndirectInputEvents = YES;
				INFOPLIST_KEY_UILaunchStoryboardName = LaunchScreen;
				INFOPLIST_KEY_UIMainStoryboardFile = Main;
				INFOPLIST_KEY_UISupportedInterfaceOrientations_iPad = "UIInterfaceOrientationPortrait UIInterfaceOrientationPortraitUpsideDown UIInterfaceOrientationLandscapeLeft UIInterfaceOrientationLandscapeRight";
				INFOPLIST_KEY_UISupportedInterfaceOrientations_iPhone = "UIInterfaceOrientationPortrait UIInterfaceOrientationLandscapeLeft UIInterfaceOrientationLandscapeRight";
				LD_RUNPATH_SEARCH_PATHS = (
					"$(inherited)",
					"@executable_path/Frameworks",
				);
				MARKETING_VERSION = 1.0;
				OTHER_LDFLAGS = (
					"$(inherited)",
					"-framework",
					shared,
				);
				PRODUCT_BUNDLE_IDENTIFIER = com.example.kmp.myapplication.ios.iosAppStoryboard;
				PRODUCT_NAME = "$(TARGET_NAME)";
				SWIFT_EMIT_LOC_STRINGS = YES;
				SWIFT_VERSION = 5.0;
				TARGETED_DEVICE_FAMILY = "1,2";
			};
			name = Release;
		};
		340DCDC02797584000F81685 /* Debug */ = {
			isa = XCBuildConfiguration;
			buildSettings = {
				ALWAYS_EMBED_SWIFT_STANDARD_LIBRARIES = YES;
				BUNDLE_LOADER = "$(TEST_HOST)";
				CODE_SIGN_STYLE = Automatic;
				CURRENT_PROJECT_VERSION = 1;
				GENERATE_INFOPLIST_FILE = YES;
				IPHONEOS_DEPLOYMENT_TARGET = 15.2;
				MARKETING_VERSION = 1.0;
				PRODUCT_BUNDLE_IDENTIFIER = com.example.kmp.myapplication.ios.iosAppStoryboardTests;
				PRODUCT_NAME = "$(TARGET_NAME)";
				SWIFT_EMIT_LOC_STRINGS = NO;
				SWIFT_VERSION = 5.0;
				TARGETED_DEVICE_FAMILY = "1,2";
				TEST_HOST = "$(BUILT_PRODUCTS_DIR)/iosAppStoryboard.app/iosAppStoryboard";
			};
			name = Debug;
		};
		340DCDC12797584000F81685 /* Release */ = {
			isa = XCBuildConfiguration;
			buildSettings = {
				ALWAYS_EMBED_SWIFT_STANDARD_LIBRARIES = YES;
				BUNDLE_LOADER = "$(TEST_HOST)";
				CODE_SIGN_STYLE = Automatic;
				CURRENT_PROJECT_VERSION = 1;
				GENERATE_INFOPLIST_FILE = YES;
				IPHONEOS_DEPLOYMENT_TARGET = 15.2;
				MARKETING_VERSION = 1.0;
				PRODUCT_BUNDLE_IDENTIFIER = com.example.kmp.myapplication.ios.iosAppStoryboardTests;
				PRODUCT_NAME = "$(TARGET_NAME)";
				SWIFT_EMIT_LOC_STRINGS = NO;
				SWIFT_VERSION = 5.0;
				TARGETED_DEVICE_FAMILY = "1,2";
				TEST_HOST = "$(BUILT_PRODUCTS_DIR)/iosAppStoryboard.app/iosAppStoryboard";
			};
			name = Release;
		};
		340DCDC32797584000F81685 /* Debug */ = {
			isa = XCBuildConfiguration;
			buildSettings = {
				ALWAYS_EMBED_SWIFT_STANDARD_LIBRARIES = YES;
				CODE_SIGN_STYLE = Automatic;
				CURRENT_PROJECT_VERSION = 1;
				GENERATE_INFOPLIST_FILE = YES;
				MARKETING_VERSION = 1.0;
				PRODUCT_BUNDLE_IDENTIFIER = com.example.kmp.myapplication.ios.iosAppStoryboardUITests;
				PRODUCT_NAME = "$(TARGET_NAME)";
				SWIFT_EMIT_LOC_STRINGS = NO;
				SWIFT_VERSION = 5.0;
				TARGETED_DEVICE_FAMILY = "1,2";
				TEST_TARGET_NAME = iosAppStoryboard;
			};
			name = Debug;
		};
		340DCDC42797584000F81685 /* Release */ = {
			isa = XCBuildConfiguration;
			buildSettings = {
				ALWAYS_EMBED_SWIFT_STANDARD_LIBRARIES = YES;
				CODE_SIGN_STYLE = Automatic;
				CURRENT_PROJECT_VERSION = 1;
				GENERATE_INFOPLIST_FILE = YES;
				MARKETING_VERSION = 1.0;
				PRODUCT_BUNDLE_IDENTIFIER = com.example.kmp.myapplication.ios.iosAppStoryboardUITests;
				PRODUCT_NAME = "$(TARGET_NAME)";
				SWIFT_EMIT_LOC_STRINGS = NO;
				SWIFT_VERSION = 5.0;
				TARGETED_DEVICE_FAMILY = "1,2";
				TEST_TARGET_NAME = iosAppStoryboard;
			};
			name = Release;
		};
/* End XCBuildConfiguration section */

/* Begin XCConfigurationList section */
		340DCD8D2797583C00F81685 /* Build configuration list for PBXProject "iosAppStoryboard" */ = {
			isa = XCConfigurationList;
			buildConfigurations = (
				340DCDBA2797584000F81685 /* Debug */,
				340DCDBB2797584000F81685 /* Release */,
			);
			defaultConfigurationIsVisible = 0;
			defaultConfigurationName = Release;
		};
		340DCDBC2797584000F81685 /* Build configuration list for PBXNativeTarget "iosAppStoryboard" */ = {
			isa = XCConfigurationList;
			buildConfigurations = (
				340DCDBD2797584000F81685 /* Debug */,
				340DCDBE2797584000F81685 /* Release */,
			);
			defaultConfigurationIsVisible = 0;
			defaultConfigurationName = Release;
		};
		340DCDBF2797584000F81685 /* Build configuration list for PBXNativeTarget "iosAppStoryboardTests" */ = {
			isa = XCConfigurationList;
			buildConfigurations = (
				340DCDC02797584000F81685 /* Debug */,
				340DCDC12797584000F81685 /* Release */,
			);
			defaultConfigurationIsVisible = 0;
			defaultConfigurationName = Release;
		};
		340DCDC22797584000F81685 /* Build configuration list for PBXNativeTarget "iosAppStoryboardUITests" */ = {
			isa = XCConfigurationList;
			buildConfigurations = (
				340DCDC32797584000F81685 /* Debug */,
				340DCDC42797584000F81685 /* Release */,
			);
			defaultConfigurationIsVisible = 0;
			defaultConfigurationName = Release;
		};
/* End XCConfigurationList section */
	};
	rootObject = 340DCD8A2797583C00F81685 /* Project object */;
}
